
Microsoft Visual Studio Solution File, Format Version 12.00
# Visual Studio 15
VisualStudioVersion = 15.0.27130.2020
MinimumVisualStudioVersion = 10.0.40219.1
Project("{FAE04EC0-301F-11D3-BF4B-00C04F79EFBC}") = "PracticaTres", "PracticaTres\PracticaTres.csproj", "{162E71AC-D4B2-44F1-BF4B-AEF9F4936C1D}"
EndProject
Global
	GlobalSection(SolutionConfigurationPlatforms) = preSolution
		Debug|Any CPU = Debug|Any CPU
		Release|Any CPU = Release|Any CPU
	EndGlobalSection
	GlobalSection(ProjectConfigurationPlatforms) = postSolution
		{162E71AC-D4B2-44F1-BF4B-AEF9F4936C1D}.Debug|Any CPU.ActiveCfg = Debug|Any CPU
		{162E71AC-D4B2-44F1-BF4B-AEF9F4936C1D}.Debug|Any CPU.Build.0 = Debug|Any CPU
		{162E71AC-D4B2-44F1-BF4B-AEF9F4936C1D}.Release|Any CPU.ActiveCfg = Release|Any CPU
		{162E71AC-D4B2-44F1-BF4B-AEF9F4936C1D}.Release|Any CPU.Build.0 = Release|Any CPU
	EndGlobalSection
	GlobalSection(SolutionProperties) = preSolution
		HideSolutionNode = FALSE
	EndGlobalSection
	GlobalSection(ExtensibilityGlobals) = postSolution
		SolutionGuid = {72D88599-D9D1-4F5E-8696-56D7D5E2F9ED}
	EndGlobalSection
EndGlobal
