
Microsoft Visual Studio Solution File, Format Version 12.00
# Visual Studio 15
VisualStudioVersion = 15.0.27130.2020
MinimumVisualStudioVersion = 10.0.40219.1
Project("{FAE04EC0-301F-11D3-BF4B-00C04F79EFBC}") = "PracticaUno", "PracticaUno\PracticaUno.csproj", "{380D2F23-51A2-492D-AC5C-A6310D900B51}"
EndProject
Global
	GlobalSection(SolutionConfigurationPlatforms) = preSolution
		Debug|Any CPU = Debug|Any CPU
		Release|Any CPU = Release|Any CPU
	EndGlobalSection
	GlobalSection(ProjectConfigurationPlatforms) = postSolution
		{380D2F23-51A2-492D-AC5C-A6310D900B51}.Debug|Any CPU.ActiveCfg = Debug|Any CPU
		{380D2F23-51A2-492D-AC5C-A6310D900B51}.Debug|Any CPU.Build.0 = Debug|Any CPU
		{380D2F23-51A2-492D-AC5C-A6310D900B51}.Release|Any CPU.ActiveCfg = Release|Any CPU
		{380D2F23-51A2-492D-AC5C-A6310D900B51}.Release|Any CPU.Build.0 = Release|Any CPU
	EndGlobalSection
	GlobalSection(SolutionProperties) = preSolution
		HideSolutionNode = FALSE
	EndGlobalSection
	GlobalSection(ExtensibilityGlobals) = postSolution
		SolutionGuid = {34E641BB-9223-43B6-8DF4-DD909483E78E}
	EndGlobalSection
EndGlobal
